
Microsoft Visual Studio Solution File, Format Version 12.00
# Visual Studio 15
VisualStudioVersion = 15.0.27130.2027
MinimumVisualStudioVersion = 10.0.40219.1
Project("{FAE04EC0-301F-11D3-BF4B-00C04F79EFBC}") = "LearnAspnetCore", "LearnAspnetCore\LearnAspnetCore.csproj", "{D78FD180-C090-476C-8322-F1038A66D5B8}"
EndProject
Project("{FAE04EC0-301F-11D3-BF4B-00C04F79EFBC}") = "LearnAspnetCore.Angular", "LearnAspnetCore.Angular\LearnAspnetCore.Angular.csproj", "{3B45ECCB-7771-4849-B407-68E00B8369C5}"
EndProject
Project("{FAE04EC0-301F-11D3-BF4B-00C04F79EFBC}") = "LearnAspnetCore.WebApplication", "LearnAspnetCore.WebApplication\LearnAspnetCore.WebApplication.csproj", "{F78184ED-6F2C-4D8A-9B25-DE70F0DAC3C0}"
EndProject
Global
	GlobalSection(SolutionConfigurationPlatforms) = preSolution
		Debug|Any CPU = Debug|Any CPU
		Release|Any CPU = Release|Any CPU
	EndGlobalSection
	GlobalSection(ProjectConfigurationPlatforms) = postSolution
		{D78FD180-C090-476C-8322-F1038A66D5B8}.Debug|Any CPU.ActiveCfg = Debug|Any CPU
		{D78FD180-C090-476C-8322-F1038A66D5B8}.Debug|Any CPU.Build.0 = Debug|Any CPU
		{D78FD180-C090-476C-8322-F1038A66D5B8}.Release|Any CPU.ActiveCfg = Release|Any CPU
		{D78FD180-C090-476C-8322-F1038A66D5B8}.Release|Any CPU.Build.0 = Release|Any CPU
		{3B45ECCB-7771-4849-B407-68E00B8369C5}.Debug|Any CPU.ActiveCfg = Debug|Any CPU
		{3B45ECCB-7771-4849-B407-68E00B8369C5}.Debug|Any CPU.Build.0 = Debug|Any CPU
		{3B45ECCB-7771-4849-B407-68E00B8369C5}.Release|Any CPU.ActiveCfg = Release|Any CPU
		{3B45ECCB-7771-4849-B407-68E00B8369C5}.Release|Any CPU.Build.0 = Release|Any CPU
		{F78184ED-6F2C-4D8A-9B25-DE70F0DAC3C0}.Debug|Any CPU.ActiveCfg = Debug|Any CPU
		{F78184ED-6F2C-4D8A-9B25-DE70F0DAC3C0}.Debug|Any CPU.Build.0 = Debug|Any CPU
		{F78184ED-6F2C-4D8A-9B25-DE70F0DAC3C0}.Release|Any CPU.ActiveCfg = Release|Any CPU
		{F78184ED-6F2C-4D8A-9B25-DE70F0DAC3C0}.Release|Any CPU.Build.0 = Release|Any CPU
	EndGlobalSection
	GlobalSection(SolutionProperties) = preSolution
		HideSolutionNode = FALSE
	EndGlobalSection
	GlobalSection(ExtensibilityGlobals) = postSolution
		SolutionGuid = {96FAEF1C-5E6F-496C-A7A1-95F52F72D58E}
	EndGlobalSection
EndGlobal
